
Microsoft Visual Studio Solution File, Format Version 12.00
# Visual Studio 15
VisualStudioVersion = 15.0.28307.421
MinimumVisualStudioVersion = 10.0.40219.1
Project("{FAE04EC0-301F-11D3-BF4B-00C04F79EFBC}") = "LayoutXF.Android", "LayoutXF\LayoutXF.Android\LayoutXF.Android.csproj", "{34F89961-9DE2-4050-90A3-105853FE9253}"
EndProject
Project("{FAE04EC0-301F-11D3-BF4B-00C04F79EFBC}") = "LayoutXF.iOS", "LayoutXF\LayoutXF.iOS\LayoutXF.iOS.csproj", "{681CD26B-346A-42F1-B2D6-A824FB7B62B5}"
EndProject
Project("{FAE04EC0-301F-11D3-BF4B-00C04F79EFBC}") = "LayoutXF.UWP", "LayoutXF\LayoutXF.UWP\LayoutXF.UWP.csproj", "{23CA8E4B-A0AB-4A45-9F04-4CA6AAE01DDA}"
EndProject
Project("{FAE04EC0-301F-11D3-BF4B-00C04F79EFBC}") = "LayoutXF", "LayoutXF\LayoutXF\LayoutXF.csproj", "{0CD9CE30-0333-4BB3-A7D9-17FFD9267D39}"
EndProject
Global
	GlobalSection(SolutionConfigurationPlatforms) = preSolution
		Ad-Hoc|Any CPU = Ad-Hoc|Any CPU
		Ad-Hoc|ARM = Ad-Hoc|ARM
		Ad-Hoc|iPhone = Ad-Hoc|iPhone
		Ad-Hoc|iPhoneSimulator = Ad-Hoc|iPhoneSimulator
		Ad-Hoc|x64 = Ad-Hoc|x64
		Ad-Hoc|x86 = Ad-Hoc|x86
		AppStore|Any CPU = AppStore|Any CPU
		AppStore|ARM = AppStore|ARM
		AppStore|iPhone = AppStore|iPhone
		AppStore|iPhoneSimulator = AppStore|iPhoneSimulator
		AppStore|x64 = AppStore|x64
		AppStore|x86 = AppStore|x86
		Debug|Any CPU = Debug|Any CPU
		Debug|ARM = Debug|ARM
		Debug|iPhone = Debug|iPhone
		Debug|iPhoneSimulator = Debug|iPhoneSimulator
		Debug|x64 = Debug|x64
		Debug|x86 = Debug|x86
		Release|Any CPU = Release|Any CPU
		Release|ARM = Release|ARM
		Release|iPhone = Release|iPhone
		Release|iPhoneSimulator = Release|iPhoneSimulator
		Release|x64 = Release|x64
		Release|x86 = Release|x86
	EndGlobalSection
	GlobalSection(ProjectConfigurationPlatforms) = postSolution
		{34F89961-9DE2-4050-90A3-105853FE9253}.Ad-Hoc|Any CPU.ActiveCfg = Release|Any CPU
		{34F89961-9DE2-4050-90A3-105853FE9253}.Ad-Hoc|Any CPU.Build.0 = Release|Any CPU
		{34F89961-9DE2-4050-90A3-105853FE9253}.Ad-Hoc|Any CPU.Deploy.0 = Release|Any CPU
		{34F89961-9DE2-4050-90A3-105853FE9253}.Ad-Hoc|ARM.ActiveCfg = Release|Any CPU
		{34F89961-9DE2-4050-90A3-105853FE9253}.Ad-Hoc|ARM.Build.0 = Release|Any CPU
		{34F89961-9DE2-4050-90A3-105853FE9253}.Ad-Hoc|ARM.Deploy.0 = Release|Any CPU
		{34F89961-9DE2-4050-90A3-105853FE9253}.Ad-Hoc|iPhone.ActiveCfg = Release|Any CPU
		{34F89961-9DE2-4050-90A3-105853FE9253}.Ad-Hoc|iPhone.Build.0 = Release|Any CPU
		{34F89961-9DE2-4050-90A3-105853FE9253}.Ad-Hoc|iPhone.Deploy.0 = Release|Any CPU
		{34F89961-9DE2-4050-90A3-105853FE9253}.Ad-Hoc|iPhoneSimulator.ActiveCfg = Release|Any CPU
		{34F89961-9DE2-4050-90A3-105853FE9253}.Ad-Hoc|iPhoneSimulator.Build.0 = Release|Any CPU
		{34F89961-9DE2-4050-90A3-105853FE9253}.Ad-Hoc|iPhoneSimulator.Deploy.0 = Release|Any CPU
		{34F89961-9DE2-4050-90A3-105853FE9253}.Ad-Hoc|x64.ActiveCfg = Release|Any CPU
		{34F89961-9DE2-4050-90A3-105853FE9253}.Ad-Hoc|x64.Build.0 = Release|Any CPU
		{34F89961-9DE2-4050-90A3-105853FE9253}.Ad-Hoc|x64.Deploy.0 = Release|Any CPU
		{34F89961-9DE2-4050-90A3-105853FE9253}.Ad-Hoc|x86.ActiveCfg = Release|Any CPU
		{34F89961-9DE2-4050-90A3-105853FE9253}.Ad-Hoc|x86.Build.0 = Release|Any CPU
		{34F89961-9DE2-4050-90A3-105853FE9253}.Ad-Hoc|x86.Deploy.0 = Release|Any CPU
		{34F89961-9DE2-4050-90A3-105853FE9253}.AppStore|Any CPU.ActiveCfg = Release|Any CPU
		{34F89961-9DE2-4050-90A3-105853FE9253}.AppStore|Any CPU.Build.0 = Release|Any CPU
		{34F89961-9DE2-4050-90A3-105853FE9253}.AppStore|Any CPU.Deploy.0 = Release|Any CPU
		{34F89961-9DE2-4050-90A3-105853FE9253}.AppStore|ARM.ActiveCfg = Release|Any CPU
		{34F89961-9DE2-4050-90A3-105853FE9253}.AppStore|ARM.Build.0 = Release|Any CPU
		{34F89961-9DE2-4050-90A3-105853FE9253}.AppStore|ARM.Deploy.0 = Release|Any CPU
		{34F89961-9DE2-4050-90A3-105853FE9253}.AppStore|iPhone.ActiveCfg = Release|Any CPU
		{34F89961-9DE2-4050-90A3-105853FE9253}.AppStore|iPhone.Build.0 = Release|Any CPU
		{34F89961-9DE2-4050-90A3-105853FE9253}.AppStore|iPhone.Deploy.0 = Release|Any CPU
		{34F89961-9DE2-4050-90A3-105853FE9253}.AppStore|iPhoneSimulator.ActiveCfg = Release|Any CPU
		{34F89961-9DE2-4050-90A3-105853FE9253}.AppStore|iPhoneSimulator.Build.0 = Release|Any CPU
		{34F89961-9DE2-4050-90A3-105853FE9253}.AppStore|iPhoneSimulator.Deploy.0 = Release|Any CPU
		{34F89961-9DE2-4050-90A3-105853FE9253}.AppStore|x64.ActiveCfg = Release|Any CPU
		{34F89961-9DE2-4050-90A3-105853FE9253}.AppStore|x64.Build.0 = Release|Any CPU
		{34F89961-9DE2-4050-90A3-105853FE9253}.AppStore|x64.Deploy.0 = Release|Any CPU
		{34F89961-9DE2-4050-90A3-105853FE9253}.AppStore|x86.ActiveCfg = Release|Any CPU
		{34F89961-9DE2-4050-90A3-105853FE9253}.AppStore|x86.Build.0 = Release|Any CPU
		{34F89961-9DE2-4050-90A3-105853FE9253}.AppStore|x86.Deploy.0 = Release|Any CPU
		{34F89961-9DE2-4050-90A3-105853FE9253}.Debug|Any CPU.ActiveCfg = Debug|Any CPU
		{34F89961-9DE2-4050-90A3-105853FE9253}.Debug|Any CPU.Build.0 = Debug|Any CPU
		{34F89961-9DE2-4050-90A3-105853FE9253}.Debug|Any CPU.Deploy.0 = Debug|Any CPU
		{34F89961-9DE2-4050-90A3-105853FE9253}.Debug|ARM.ActiveCfg = Debug|Any CPU
		{34F89961-9DE2-4050-90A3-105853FE9253}.Debug|ARM.Build.0 = Debug|Any CPU
		{34F89961-9DE2-4050-90A3-105853FE9253}.Debug|ARM.Deploy.0 = Debug|Any CPU
		{34F89961-9DE2-4050-90A3-105853FE9253}.Debug|iPhone.ActiveCfg = Debug|Any CPU
		{34F89961-9DE2-4050-90A3-105853FE9253}.Debug|iPhone.Build.0 = Debug|Any CPU
		{34F89961-9DE2-4050-90A3-105853FE9253}.Debug|iPhone.Deploy.0 = Debug|Any CPU
		{34F89961-9DE2-4050-90A3-105853FE9253}.Debug|iPhoneSimulator.ActiveCfg = Debug|Any CPU
		{34F89961-9DE2-4050-90A3-105853FE9253}.Debug|iPhoneSimulator.Build.0 = Debug|Any CPU
		{34F89961-9DE2-4050-90A3-105853FE9253}.Debug|iPhoneSimulator.Deploy.0 = Debug|Any CPU
		{34F89961-9DE2-4050-90A3-105853FE9253}.Debug|x64.ActiveCfg = Debug|Any CPU
		{34F89961-9DE2-4050-90A3-105853FE9253}.Debug|x64.Build.0 = Debug|Any CPU
		{34F89961-9DE2-4050-90A3-105853FE9253}.Debug|x64.Deploy.0 = Debug|Any CPU
		{34F89961-9DE2-4050-90A3-105853FE9253}.Debug|x86.ActiveCfg = Debug|Any CPU
		{34F89961-9DE2-4050-90A3-105853FE9253}.Debug|x86.Build.0 = Debug|Any CPU
		{34F89961-9DE2-4050-90A3-105853FE9253}.Debug|x86.Deploy.0 = Debug|Any CPU
		{34F89961-9DE2-4050-90A3-105853FE9253}.Release|Any CPU.ActiveCfg = Release|Any CPU
		{34F89961-9DE2-4050-90A3-105853FE9253}.Release|Any CPU.Build.0 = Release|Any CPU
		{34F89961-9DE2-4050-90A3-105853FE9253}.Release|Any CPU.Deploy.0 = Release|Any CPU
		{34F89961-9DE2-4050-90A3-105853FE9253}.Release|ARM.ActiveCfg = Release|Any CPU
		{34F89961-9DE2-4050-90A3-105853FE9253}.Release|ARM.Build.0 = Release|Any CPU
		{34F89961-9DE2-4050-90A3-105853FE9253}.Release|ARM.Deploy.0 = Release|Any CPU
		{34F89961-9DE2-4050-90A3-105853FE9253}.Release|iPhone.ActiveCfg = Release|Any CPU
		{34F89961-9DE2-4050-90A3-105853FE9253}.Release|iPhone.Build.0 = Release|Any CPU
		{34F89961-9DE2-4050-90A3-105853FE9253}.Release|iPhone.Deploy.0 = Release|Any CPU
		{34F89961-9DE2-4050-90A3-105853FE9253}.Release|iPhoneSimulator.ActiveCfg = Release|Any CPU
		{34F89961-9DE2-4050-90A3-105853FE9253}.Release|iPhoneSimulator.Build.0 = Release|Any CPU
		{34F89961-9DE2-4050-90A3-105853FE9253}.Release|iPhoneSimulator.Deploy.0 = Release|Any CPU
		{34F89961-9DE2-4050-90A3-105853FE9253}.Release|x64.ActiveCfg = Release|Any CPU
		{34F89961-9DE2-4050-90A3-105853FE9253}.Release|x64.Build.0 = Release|Any CPU
		{34F89961-9DE2-4050-90A3-105853FE9253}.Release|x64.Deploy.0 = Release|Any CPU
		{34F89961-9DE2-4050-90A3-105853FE9253}.Release|x86.ActiveCfg = Release|Any CPU
		{34F89961-9DE2-4050-90A3-105853FE9253}.Release|x86.Build.0 = Release|Any CPU
		{34F89961-9DE2-4050-90A3-105853FE9253}.Release|x86.Deploy.0 = Release|Any CPU
		{681CD26B-346A-42F1-B2D6-A824FB7B62B5}.Ad-Hoc|Any CPU.ActiveCfg = Ad-Hoc|iPhone
		{681CD26B-346A-42F1-B2D6-A824FB7B62B5}.Ad-Hoc|Any CPU.Build.0 = Ad-Hoc|iPhone
		{681CD26B-346A-42F1-B2D6-A824FB7B62B5}.Ad-Hoc|Any CPU.Deploy.0 = Ad-Hoc|iPhone
		{681CD26B-346A-42F1-B2D6-A824FB7B62B5}.Ad-Hoc|ARM.ActiveCfg = Ad-Hoc|iPhone
		{681CD26B-346A-42F1-B2D6-A824FB7B62B5}.Ad-Hoc|ARM.Build.0 = Ad-Hoc|iPhone
		{681CD26B-346A-42F1-B2D6-A824FB7B62B5}.Ad-Hoc|ARM.Deploy.0 = Ad-Hoc|iPhone
		{681CD26B-346A-42F1-B2D6-A824FB7B62B5}.Ad-Hoc|iPhone.ActiveCfg = Ad-Hoc|iPhone
		{681CD26B-346A-42F1-B2D6-A824FB7B62B5}.Ad-Hoc|iPhone.Build.0 = Ad-Hoc|iPhone
		{681CD26B-346A-42F1-B2D6-A824FB7B62B5}.Ad-Hoc|iPhone.Deploy.0 = Ad-Hoc|iPhone
		{681CD26B-346A-42F1-B2D6-A824FB7B62B5}.Ad-Hoc|iPhoneSimulator.ActiveCfg = Ad-Hoc|iPhoneSimulator
		{681CD26B-346A-42F1-B2D6-A824FB7B62B5}.Ad-Hoc|iPhoneSimulator.Build.0 = Ad-Hoc|iPhoneSimulator
		{681CD26B-346A-42F1-B2D6-A824FB7B62B5}.Ad-Hoc|iPhoneSimulator.Deploy.0 = Ad-Hoc|iPhoneSimulator
		{681CD26B-346A-42F1-B2D6-A824FB7B62B5}.Ad-Hoc|x64.ActiveCfg = Ad-Hoc|iPhone
		{681CD26B-346A-42F1-B2D6-A824FB7B62B5}.Ad-Hoc|x64.Build.0 = Ad-Hoc|iPhone
		{681CD26B-346A-42F1-B2D6-A824FB7B62B5}.Ad-Hoc|x64.Deploy.0 = Ad-Hoc|iPhone
		{681CD26B-346A-42F1-B2D6-A824FB7B62B5}.Ad-Hoc|x86.ActiveCfg = Ad-Hoc|iPhone
		{681CD26B-346A-42F1-B2D6-A824FB7B62B5}.Ad-Hoc|x86.Build.0 = Ad-Hoc|iPhone
		{681CD26B-346A-42F1-B2D6-A824FB7B62B5}.Ad-Hoc|x86.Deploy.0 = Ad-Hoc|iPhone
		{681CD26B-346A-42F1-B2D6-A824FB7B62B5}.AppStore|Any CPU.ActiveCfg = AppStore|iPhone
		{681CD26B-346A-42F1-B2D6-A824FB7B62B5}.AppStore|Any CPU.Build.0 = AppStore|iPhone
		{681CD26B-346A-42F1-B2D6-A824FB7B62B5}.AppStore|Any CPU.Deploy.0 = AppStore|iPhone
		{681CD26B-346A-42F1-B2D6-A824FB7B62B5}.AppStore|ARM.ActiveCfg = AppStore|iPhone
		{681CD26B-346A-42F1-B2D6-A824FB7B62B5}.AppStore|ARM.Build.0 = AppStore|iPhone
		{681CD26B-346A-42F1-B2D6-A824FB7B62B5}.AppStore|ARM.Deploy.0 = AppStore|iPhone
		{681CD26B-346A-42F1-B2D6-A824FB7B62B5}.AppStore|iPhone.ActiveCfg = AppStore|iPhone
		{681CD26B-346A-42F1-B2D6-A824FB7B62B5}.AppStore|iPhone.Build.0 = AppStore|iPhone
		{681CD26B-346A-42F1-B2D6-A824FB7B62B5}.AppStore|iPhone.Deploy.0 = AppStore|iPhone
		{681CD26B-346A-42F1-B2D6-A824FB7B62B5}.AppStore|iPhoneSimulator.ActiveCfg = AppStore|iPhoneSimulator
		{681CD26B-346A-42F1-B2D6-A824FB7B62B5}.AppStore|iPhoneSimulator.Build.0 = AppStore|iPhoneSimulator
		{681CD26B-346A-42F1-B2D6-A824FB7B62B5}.AppStore|iPhoneSimulator.Deploy.0 = AppStore|iPhoneSimulator
		{681CD26B-346A-42F1-B2D6-A824FB7B62B5}.AppStore|x64.ActiveCfg = AppStore|iPhone
		{681CD26B-346A-42F1-B2D6-A824FB7B62B5}.AppStore|x64.Build.0 = AppStore|iPhone
		{681CD26B-346A-42F1-B2D6-A824FB7B62B5}.AppStore|x64.Deploy.0 = AppStore|iPhone
		{681CD26B-346A-42F1-B2D6-A824FB7B62B5}.AppStore|x86.ActiveCfg = AppStore|iPhone
		{681CD26B-346A-42F1-B2D6-A824FB7B62B5}.AppStore|x86.Build.0 = AppStore|iPhone
		{681CD26B-346A-42F1-B2D6-A824FB7B62B5}.AppStore|x86.Deploy.0 = AppStore|iPhone
		{681CD26B-346A-42F1-B2D6-A824FB7B62B5}.Debug|Any CPU.ActiveCfg = Debug|iPhoneSimulator
		{681CD26B-346A-42F1-B2D6-A824FB7B62B5}.Debug|Any CPU.Build.0 = Debug|iPhoneSimulator
		{681CD26B-346A-42F1-B2D6-A824FB7B62B5}.Debug|Any CPU.Deploy.0 = Debug|iPhoneSimulator
		{681CD26B-346A-42F1-B2D6-A824FB7B62B5}.Debug|ARM.ActiveCfg = Debug|iPhone
		{681CD26B-346A-42F1-B2D6-A824FB7B62B5}.Debug|ARM.Build.0 = Debug|iPhone
		{681CD26B-346A-42F1-B2D6-A824FB7B62B5}.Debug|ARM.Deploy.0 = Debug|iPhone
		{681CD26B-346A-42F1-B2D6-A824FB7B62B5}.Debug|iPhone.ActiveCfg = Debug|iPhone
		{681CD26B-346A-42F1-B2D6-A824FB7B62B5}.Debug|iPhone.Build.0 = Debug|iPhone
		{681CD26B-346A-42F1-B2D6-A824FB7B62B5}.Debug|iPhone.Deploy.0 = Debug|iPhone
		{681CD26B-346A-42F1-B2D6-A824FB7B62B5}.Debug|iPhoneSimulator.ActiveCfg = Debug|iPhoneSimulator
		{681CD26B-346A-42F1-B2D6-A824FB7B62B5}.Debug|iPhoneSimulator.Build.0 = Debug|iPhoneSimulator
		{681CD26B-346A-42F1-B2D6-A824FB7B62B5}.Debug|iPhoneSimulator.Deploy.0 = Debug|iPhoneSimulator
		{681CD26B-346A-42F1-B2D6-A824FB7B62B5}.Debug|x64.ActiveCfg = Debug|iPhone
		{681CD26B-346A-42F1-B2D6-A824FB7B62B5}.Debug|x64.Build.0 = Debug|iPhone
		{681CD26B-346A-42F1-B2D6-A824FB7B62B5}.Debug|x64.Deploy.0 = Debug|iPhone
		{681CD26B-346A-42F1-B2D6-A824FB7B62B5}.Debug|x86.ActiveCfg = Debug|iPhone
		{681CD26B-346A-42F1-B2D6-A824FB7B62B5}.Debug|x86.Build.0 = Debug|iPhone
		{681CD26B-346A-42F1-B2D6-A824FB7B62B5}.Debug|x86.Deploy.0 = Debug|iPhone
		{681CD26B-346A-42F1-B2D6-A824FB7B62B5}.Release|Any CPU.ActiveCfg = Release|iPhone
		{681CD26B-346A-42F1-B2D6-A824FB7B62B5}.Release|Any CPU.Build.0 = Release|iPhone
		{681CD26B-346A-42F1-B2D6-A824FB7B62B5}.Release|Any CPU.Deploy.0 = Release|iPhone
		{681CD26B-346A-42F1-B2D6-A824FB7B62B5}.Release|ARM.ActiveCfg = Release|iPhone
		{681CD26B-346A-42F1-B2D6-A824FB7B62B5}.Release|ARM.Build.0 = Release|iPhone
		{681CD26B-346A-42F1-B2D6-A824FB7B62B5}.Release|ARM.Deploy.0 = Release|iPhone
		{681CD26B-346A-42F1-B2D6-A824FB7B62B5}.Release|iPhone.ActiveCfg = Release|iPhone
		{681CD26B-346A-42F1-B2D6-A824FB7B62B5}.Release|iPhone.Build.0 = Release|iPhone
		{681CD26B-346A-42F1-B2D6-A824FB7B62B5}.Release|iPhone.Deploy.0 = Release|iPhone
		{681CD26B-346A-42F1-B2D6-A824FB7B62B5}.Release|iPhoneSimulator.ActiveCfg = Release|iPhoneSimulator
		{681CD26B-346A-42F1-B2D6-A824FB7B62B5}.Release|iPhoneSimulator.Build.0 = Release|iPhoneSimulator
		{681CD26B-346A-42F1-B2D6-A824FB7B62B5}.Release|iPhoneSimulator.Deploy.0 = Release|iPhoneSimulator
		{681CD26B-346A-42F1-B2D6-A824FB7B62B5}.Release|x64.ActiveCfg = Release|iPhone
		{681CD26B-346A-42F1-B2D6-A824FB7B62B5}.Release|x64.Build.0 = Release|iPhone
		{681CD26B-346A-42F1-B2D6-A824FB7B62B5}.Release|x64.Deploy.0 = Release|iPhone
		{681CD26B-346A-42F1-B2D6-A824FB7B62B5}.Release|x86.ActiveCfg = Release|iPhone
		{681CD26B-346A-42F1-B2D6-A824FB7B62B5}.Release|x86.Build.0 = Release|iPhone
		{681CD26B-346A-42F1-B2D6-A824FB7B62B5}.Release|x86.Deploy.0 = Release|iPhone
		{23CA8E4B-A0AB-4A45-9F04-4CA6AAE01DDA}.Ad-Hoc|Any CPU.ActiveCfg = Release|x86
		{23CA8E4B-A0AB-4A45-9F04-4CA6AAE01DDA}.Ad-Hoc|Any CPU.Build.0 = Release|x86
		{23CA8E4B-A0AB-4A45-9F04-4CA6AAE01DDA}.Ad-Hoc|Any CPU.Deploy.0 = Release|x86
		{23CA8E4B-A0AB-4A45-9F04-4CA6AAE01DDA}.Ad-Hoc|ARM.ActiveCfg = Release|ARM
		{23CA8E4B-A0AB-4A45-9F04-4CA6AAE01DDA}.Ad-Hoc|ARM.Build.0 = Release|ARM
		{23CA8E4B-A0AB-4A45-9F04-4CA6AAE01DDA}.Ad-Hoc|ARM.Deploy.0 = Release|ARM
		{23CA8E4B-A0AB-4A45-9F04-4CA6AAE01DDA}.Ad-Hoc|iPhone.ActiveCfg = Release|x86
		{23CA8E4B-A0AB-4A45-9F04-4CA6AAE01DDA}.Ad-Hoc|iPhone.Build.0 = Release|x86
		{23CA8E4B-A0AB-4A45-9F04-4CA6AAE01DDA}.Ad-Hoc|iPhone.Deploy.0 = Release|x86
		{23CA8E4B-A0AB-4A45-9F04-4CA6AAE01DDA}.Ad-Hoc|iPhoneSimulator.ActiveCfg = Release|x86
		{23CA8E4B-A0AB-4A45-9F04-4CA6AAE01DDA}.Ad-Hoc|iPhoneSimulator.Build.0 = Release|x86
		{23CA8E4B-A0AB-4A45-9F04-4CA6AAE01DDA}.Ad-Hoc|iPhoneSimulator.Deploy.0 = Release|x86
		{23CA8E4B-A0AB-4A45-9F04-4CA6AAE01DDA}.Ad-Hoc|x64.ActiveCfg = Release|x64
		{23CA8E4B-A0AB-4A45-9F04-4CA6AAE01DDA}.Ad-Hoc|x64.Build.0 = Release|x64
		{23CA8E4B-A0AB-4A45-9F04-4CA6AAE01DDA}.Ad-Hoc|x64.Deploy.0 = Release|x64
		{23CA8E4B-A0AB-4A45-9F04-4CA6AAE01DDA}.Ad-Hoc|x86.ActiveCfg = Release|x86
		{23CA8E4B-A0AB-4A45-9F04-4CA6AAE01DDA}.Ad-Hoc|x86.Build.0 = Release|x86
		{23CA8E4B-A0AB-4A45-9F04-4CA6AAE01DDA}.Ad-Hoc|x86.Deploy.0 = Release|x86
		{23CA8E4B-A0AB-4A45-9F04-4CA6AAE01DDA}.AppStore|Any CPU.ActiveCfg = Release|x86
		{23CA8E4B-A0AB-4A45-9F04-4CA6AAE01DDA}.AppStore|Any CPU.Build.0 = Release|x86
		{23CA8E4B-A0AB-4A45-9F04-4CA6AAE01DDA}.AppStore|Any CPU.Deploy.0 = Release|x86
		{23CA8E4B-A0AB-4A45-9F04-4CA6AAE01DDA}.AppStore|ARM.ActiveCfg = Release|ARM
		{23CA8E4B-A0AB-4A45-9F04-4CA6AAE01DDA}.AppStore|ARM.Build.0 = Release|ARM
		{23CA8E4B-A0AB-4A45-9F04-4CA6AAE01DDA}.AppStore|ARM.Deploy.0 = Release|ARM
		{23CA8E4B-A0AB-4A45-9F04-4CA6AAE01DDA}.AppStore|iPhone.ActiveCfg = Release|x86
		{23CA8E4B-A0AB-4A45-9F04-4CA6AAE01DDA}.AppStore|iPhone.Build.0 = Release|x86
		{23CA8E4B-A0AB-4A45-9F04-4CA6AAE01DDA}.AppStore|iPhone.Deploy.0 = Release|x86
		{23CA8E4B-A0AB-4A45-9F04-4CA6AAE01DDA}.AppStore|iPhoneSimulator.ActiveCfg = Release|x86
		{23CA8E4B-A0AB-4A45-9F04-4CA6AAE01DDA}.AppStore|iPhoneSimulator.Build.0 = Release|x86
		{23CA8E4B-A0AB-4A45-9F04-4CA6AAE01DDA}.AppStore|iPhoneSimulator.Deploy.0 = Release|x86
		{23CA8E4B-A0AB-4A45-9F04-4CA6AAE01DDA}.AppStore|x64.ActiveCfg = Release|x64
		{23CA8E4B-A0AB-4A45-9F04-4CA6AAE01DDA}.AppStore|x64.Build.0 = Release|x64
		{23CA8E4B-A0AB-4A45-9F04-4CA6AAE01DDA}.AppStore|x64.Deploy.0 = Release|x64
		{23CA8E4B-A0AB-4A45-9F04-4CA6AAE01DDA}.AppStore|x86.ActiveCfg = Release|x86
		{23CA8E4B-A0AB-4A45-9F04-4CA6AAE01DDA}.AppStore|x86.Build.0 = Release|x86
		{23CA8E4B-A0AB-4A45-9F04-4CA6AAE01DDA}.AppStore|x86.Deploy.0 = Release|x86
		{23CA8E4B-A0AB-4A45-9F04-4CA6AAE01DDA}.Debug|Any CPU.ActiveCfg = Debug|x86
		{23CA8E4B-A0AB-4A45-9F04-4CA6AAE01DDA}.Debug|Any CPU.Build.0 = Debug|x86
		{23CA8E4B-A0AB-4A45-9F04-4CA6AAE01DDA}.Debug|Any CPU.Deploy.0 = Debug|x86
		{23CA8E4B-A0AB-4A45-9F04-4CA6AAE01DDA}.Debug|ARM.ActiveCfg = Debug|ARM
		{23CA8E4B-A0AB-4A45-9F04-4CA6AAE01DDA}.Debug|ARM.Build.0 = Debug|ARM
		{23CA8E4B-A0AB-4A45-9F04-4CA6AAE01DDA}.Debug|ARM.Deploy.0 = Debug|ARM
		{23CA8E4B-A0AB-4A45-9F04-4CA6AAE01DDA}.Debug|iPhone.ActiveCfg = Debug|x86
		{23CA8E4B-A0AB-4A45-9F04-4CA6AAE01DDA}.Debug|iPhone.Build.0 = Debug|x86
		{23CA8E4B-A0AB-4A45-9F04-4CA6AAE01DDA}.Debug|iPhone.Deploy.0 = Debug|x86
		{23CA8E4B-A0AB-4A45-9F04-4CA6AAE01DDA}.Debug|iPhoneSimulator.ActiveCfg = Debug|x86
		{23CA8E4B-A0AB-4A45-9F04-4CA6AAE01DDA}.Debug|iPhoneSimulator.Build.0 = Debug|x86
		{23CA8E4B-A0AB-4A45-9F04-4CA6AAE01DDA}.Debug|iPhoneSimulator.Deploy.0 = Debug|x86
		{23CA8E4B-A0AB-4A45-9F04-4CA6AAE01DDA}.Debug|x64.ActiveCfg = Debug|x64
		{23CA8E4B-A0AB-4A45-9F04-4CA6AAE01DDA}.Debug|x64.Build.0 = Debug|x64
		{23CA8E4B-A0AB-4A45-9F04-4CA6AAE01DDA}.Debug|x64.Deploy.0 = Debug|x64
		{23CA8E4B-A0AB-4A45-9F04-4CA6AAE01DDA}.Debug|x86.ActiveCfg = Debug|x86
		{23CA8E4B-A0AB-4A45-9F04-4CA6AAE01DDA}.Debug|x86.Build.0 = Debug|x86
		{23CA8E4B-A0AB-4A45-9F04-4CA6AAE01DDA}.Debug|x86.Deploy.0 = Debug|x86
		{23CA8E4B-A0AB-4A45-9F04-4CA6AAE01DDA}.Release|Any CPU.ActiveCfg = Release|x86
		{23CA8E4B-A0AB-4A45-9F04-4CA6AAE01DDA}.Release|Any CPU.Build.0 = Release|x86
		{23CA8E4B-A0AB-4A45-9F04-4CA6AAE01DDA}.Release|Any CPU.Deploy.0 = Release|x86
		{23CA8E4B-A0AB-4A45-9F04-4CA6AAE01DDA}.Release|ARM.ActiveCfg = Release|ARM
		{23CA8E4B-A0AB-4A45-9F04-4CA6AAE01DDA}.Release|ARM.Build.0 = Release|ARM
		{23CA8E4B-A0AB-4A45-9F04-4CA6AAE01DDA}.Release|ARM.Deploy.0 = Release|ARM
		{23CA8E4B-A0AB-4A45-9F04-4CA6AAE01DDA}.Release|iPhone.ActiveCfg = Release|x86
		{23CA8E4B-A0AB-4A45-9F04-4CA6AAE01DDA}.Release|iPhone.Build.0 = Release|x86
		{23CA8E4B-A0AB-4A45-9F04-4CA6AAE01DDA}.Release|iPhone.Deploy.0 = Release|x86
		{23CA8E4B-A0AB-4A45-9F04-4CA6AAE01DDA}.Release|iPhoneSimulator.ActiveCfg = Release|x86
		{23CA8E4B-A0AB-4A45-9F04-4CA6AAE01DDA}.Release|iPhoneSimulator.Build.0 = Release|x86
		{23CA8E4B-A0AB-4A45-9F04-4CA6AAE01DDA}.Release|iPhoneSimulator.Deploy.0 = Release|x86
		{23CA8E4B-A0AB-4A45-9F04-4CA6AAE01DDA}.Release|x64.ActiveCfg = Release|x64
		{23CA8E4B-A0AB-4A45-9F04-4CA6AAE01DDA}.Release|x64.Build.0 = Release|x64
		{23CA8E4B-A0AB-4A45-9F04-4CA6AAE01DDA}.Release|x64.Deploy.0 = Release|x64
		{23CA8E4B-A0AB-4A45-9F04-4CA6AAE01DDA}.Release|x86.ActiveCfg = Release|x86
		{23CA8E4B-A0AB-4A45-9F04-4CA6AAE01DDA}.Release|x86.Build.0 = Release|x86
		{23CA8E4B-A0AB-4A45-9F04-4CA6AAE01DDA}.Release|x86.Deploy.0 = Release|x86
		{0CD9CE30-0333-4BB3-A7D9-17FFD9267D39}.Ad-Hoc|Any CPU.ActiveCfg = Debug|Any CPU
		{0CD9CE30-0333-4BB3-A7D9-17FFD9267D39}.Ad-Hoc|Any CPU.Build.0 = Debug|Any CPU
		{0CD9CE30-0333-4BB3-A7D9-17FFD9267D39}.Ad-Hoc|Any CPU.Deploy.0 = Debug|Any CPU
		{0CD9CE30-0333-4BB3-A7D9-17FFD9267D39}.Ad-Hoc|ARM.ActiveCfg = Debug|Any CPU
		{0CD9CE30-0333-4BB3-A7D9-17FFD9267D39}.Ad-Hoc|ARM.Build.0 = Debug|Any CPU
		{0CD9CE30-0333-4BB3-A7D9-17FFD9267D39}.Ad-Hoc|ARM.Deploy.0 = Debug|Any CPU
		{0CD9CE30-0333-4BB3-A7D9-17FFD9267D39}.Ad-Hoc|iPhone.ActiveCfg = Debug|Any CPU
		{0CD9CE30-0333-4BB3-A7D9-17FFD9267D39}.Ad-Hoc|iPhone.Build.0 = Debug|Any CPU
		{0CD9CE30-0333-4BB3-A7D9-17FFD9267D39}.Ad-Hoc|iPhone.Deploy.0 = Debug|Any CPU
		{0CD9CE30-0333-4BB3-A7D9-17FFD9267D39}.Ad-Hoc|iPhoneSimulator.ActiveCfg = Debug|Any CPU
		{0CD9CE30-0333-4BB3-A7D9-17FFD9267D39}.Ad-Hoc|iPhoneSimulator.Build.0 = Debug|Any CPU
		{0CD9CE30-0333-4BB3-A7D9-17FFD9267D39}.Ad-Hoc|iPhoneSimulator.Deploy.0 = Debug|Any CPU
		{0CD9CE30-0333-4BB3-A7D9-17FFD9267D39}.Ad-Hoc|x64.ActiveCfg = Debug|Any CPU
		{0CD9CE30-0333-4BB3-A7D9-17FFD9267D39}.Ad-Hoc|x64.Build.0 = Debug|Any CPU
		{0CD9CE30-0333-4BB3-A7D9-17FFD9267D39}.Ad-Hoc|x64.Deploy.0 = Debug|Any CPU
		{0CD9CE30-0333-4BB3-A7D9-17FFD9267D39}.Ad-Hoc|x86.ActiveCfg = Debug|Any CPU
		{0CD9CE30-0333-4BB3-A7D9-17FFD9267D39}.Ad-Hoc|x86.Build.0 = Debug|Any CPU
		{0CD9CE30-0333-4BB3-A7D9-17FFD9267D39}.Ad-Hoc|x86.Deploy.0 = Debug|Any CPU
		{0CD9CE30-0333-4BB3-A7D9-17FFD9267D39}.AppStore|Any CPU.ActiveCfg = Debug|Any CPU
		{0CD9CE30-0333-4BB3-A7D9-17FFD9267D39}.AppStore|Any CPU.Build.0 = Debug|Any CPU
		{0CD9CE30-0333-4BB3-A7D9-17FFD9267D39}.AppStore|Any CPU.Deploy.0 = Debug|Any CPU
		{0CD9CE30-0333-4BB3-A7D9-17FFD9267D39}.AppStore|ARM.ActiveCfg = Debug|Any CPU
		{0CD9CE30-0333-4BB3-A7D9-17FFD9267D39}.AppStore|ARM.Build.0 = Debug|Any CPU
		{0CD9CE30-0333-4BB3-A7D9-17FFD9267D39}.AppStore|ARM.Deploy.0 = Debug|Any CPU
		{0CD9CE30-0333-4BB3-A7D9-17FFD9267D39}.AppStore|iPhone.ActiveCfg = Debug|Any CPU
		{0CD9CE30-0333-4BB3-A7D9-17FFD9267D39}.AppStore|iPhone.Build.0 = Debug|Any CPU
		{0CD9CE30-0333-4BB3-A7D9-17FFD9267D39}.AppStore|iPhone.Deploy.0 = Debug|Any CPU
		{0CD9CE30-0333-4BB3-A7D9-17FFD9267D39}.AppStore|iPhoneSimulator.ActiveCfg = Debug|Any CPU
		{0CD9CE30-0333-4BB3-A7D9-17FFD9267D39}.AppStore|iPhoneSimulator.Build.0 = Debug|Any CPU
		{0CD9CE30-0333-4BB3-A7D9-17FFD9267D39}.AppStore|iPhoneSimulator.Deploy.0 = Debug|Any CPU
		{0CD9CE30-0333-4BB3-A7D9-17FFD9267D39}.AppStore|x64.ActiveCfg = Debug|Any CPU
		{0CD9CE30-0333-4BB3-A7D9-17FFD9267D39}.AppStore|x64.Build.0 = Debug|Any CPU
		{0CD9CE30-0333-4BB3-A7D9-17FFD9267D39}.AppStore|x64.Deploy.0 = Debug|Any CPU
		{0CD9CE30-0333-4BB3-A7D9-17FFD9267D39}.AppStore|x86.ActiveCfg = Debug|Any CPU
		{0CD9CE30-0333-4BB3-A7D9-17FFD9267D39}.AppStore|x86.Build.0 = Debug|Any CPU
		{0CD9CE30-0333-4BB3-A7D9-17FFD9267D39}.AppStore|x86.Deploy.0 = Debug|Any CPU
		{0CD9CE30-0333-4BB3-A7D9-17FFD9267D39}.Debug|Any CPU.ActiveCfg = Debug|Any CPU
		{0CD9CE30-0333-4BB3-A7D9-17FFD9267D39}.Debug|Any CPU.Build.0 = Debug|Any CPU
		{0CD9CE30-0333-4BB3-A7D9-17FFD9267D39}.Debug|Any CPU.Deploy.0 = Debug|Any CPU
		{0CD9CE30-0333-4BB3-A7D9-17FFD9267D39}.Debug|ARM.ActiveCfg = Debug|Any CPU
		{0CD9CE30-0333-4BB3-A7D9-17FFD9267D39}.Debug|ARM.Build.0 = Debug|Any CPU
		{0CD9CE30-0333-4BB3-A7D9-17FFD9267D39}.Debug|ARM.Deploy.0 = Debug|Any CPU
		{0CD9CE30-0333-4BB3-A7D9-17FFD9267D39}.Debug|iPhone.ActiveCfg = Debug|Any CPU
		{0CD9CE30-0333-4BB3-A7D9-17FFD9267D39}.Debug|iPhone.Build.0 = Debug|Any CPU
		{0CD9CE30-0333-4BB3-A7D9-17FFD9267D39}.Debug|iPhone.Deploy.0 = Debug|Any CPU
		{0CD9CE30-0333-4BB3-A7D9-17FFD9267D39}.Debug|iPhoneSimulator.ActiveCfg = Debug|Any CPU
		{0CD9CE30-0333-4BB3-A7D9-17FFD9267D39}.Debug|iPhoneSimulator.Build.0 = Debug|Any CPU
		{0CD9CE30-0333-4BB3-A7D9-17FFD9267D39}.Debug|iPhoneSimulator.Deploy.0 = Debug|Any CPU
		{0CD9CE30-0333-4BB3-A7D9-17FFD9267D39}.Debug|x64.ActiveCfg = Debug|Any CPU
		{0CD9CE30-0333-4BB3-A7D9-17FFD9267D39}.Debug|x64.Build.0 = Debug|Any CPU
		{0CD9CE30-0333-4BB3-A7D9-17FFD9267D39}.Debug|x64.Deploy.0 = Debug|Any CPU
		{0CD9CE30-0333-4BB3-A7D9-17FFD9267D39}.Debug|x86.ActiveCfg = Debug|Any CPU
		{0CD9CE30-0333-4BB3-A7D9-17FFD9267D39}.Debug|x86.Build.0 = Debug|Any CPU
		{0CD9CE30-0333-4BB3-A7D9-17FFD9267D39}.Debug|x86.Deploy.0 = Debug|Any CPU
		{0CD9CE30-0333-4BB3-A7D9-17FFD9267D39}.Release|Any CPU.ActiveCfg = Release|Any CPU
		{0CD9CE30-0333-4BB3-A7D9-17FFD9267D39}.Release|Any CPU.Build.0 = Release|Any CPU
		{0CD9CE30-0333-4BB3-A7D9-17FFD9267D39}.Release|Any CPU.Deploy.0 = Release|Any CPU
		{0CD9CE30-0333-4BB3-A7D9-17FFD9267D39}.Release|ARM.ActiveCfg = Release|Any CPU
		{0CD9CE30-0333-4BB3-A7D9-17FFD9267D39}.Release|ARM.Build.0 = Release|Any CPU
		{0CD9CE30-0333-4BB3-A7D9-17FFD9267D39}.Release|ARM.Deploy.0 = Release|Any CPU
		{0CD9CE30-0333-4BB3-A7D9-17FFD9267D39}.Release|iPhone.ActiveCfg = Release|Any CPU
		{0CD9CE30-0333-4BB3-A7D9-17FFD9267D39}.Release|iPhone.Build.0 = Release|Any CPU
		{0CD9CE30-0333-4BB3-A7D9-17FFD9267D39}.Release|iPhone.Deploy.0 = Release|Any CPU
		{0CD9CE30-0333-4BB3-A7D9-17FFD9267D39}.Release|iPhoneSimulator.ActiveCfg = Release|Any CPU
		{0CD9CE30-0333-4BB3-A7D9-17FFD9267D39}.Release|iPhoneSimulator.Build.0 = Release|Any CPU
		{0CD9CE30-0333-4BB3-A7D9-17FFD9267D39}.Release|iPhoneSimulator.Deploy.0 = Release|Any CPU
		{0CD9CE30-0333-4BB3-A7D9-17FFD9267D39}.Release|x64.ActiveCfg = Release|Any CPU
		{0CD9CE30-0333-4BB3-A7D9-17FFD9267D39}.Release|x64.Build.0 = Release|Any CPU
		{0CD9CE30-0333-4BB3-A7D9-17FFD9267D39}.Release|x64.Deploy.0 = Release|Any CPU
		{0CD9CE30-0333-4BB3-A7D9-17FFD9267D39}.Release|x86.ActiveCfg = Release|Any CPU
		{0CD9CE30-0333-4BB3-A7D9-17FFD9267D39}.Release|x86.Build.0 = Release|Any CPU
		{0CD9CE30-0333-4BB3-A7D9-17FFD9267D39}.Release|x86.Deploy.0 = Release|Any CPU
	EndGlobalSection
	GlobalSection(SolutionProperties) = preSolution
		HideSolutionNode = FALSE
	EndGlobalSection
	GlobalSection(ExtensibilityGlobals) = postSolution
		SolutionGuid = {0389B9A9-1320-49C3-868D-BB0FC882D744}
	EndGlobalSection
EndGlobal
